
Microsoft Visual Studio Solution File, Format Version 12.00
# Visual Studio 14
VisualStudioVersion = 14.0.25420.1
MinimumVisualStudioVersion = 10.0.40219.1
Project("{2150E333-8FDC-42A3-9474-1A3956D46DE8}") = "Tools", "Tools", "{36EED776-1944-4C7B-A662-FBB1E36B6773}"
EndProject
Project("{FAE04EC0-301F-11D3-BF4B-00C04F79EFBC}") = "ArchiveTool", "Tools\ArchiveTool\ArchiveTool.csproj", "{7A5CAE95-08CD-4E4A-A900-77E2732EE6BC}"
EndProject
Project("{FAE04EC0-301F-11D3-BF4B-00C04F79EFBC}") = "TextureTool", "Tools\TextureTool\TextureTool.csproj", "{0C1A9502-FEF1-423D-8798-FCC5C84EAEFE}"
EndProject
Project("{FAE04EC0-301F-11D3-BF4B-00C04F79EFBC}") = "RageLib", "RageLib\RageLib.csproj", "{718F3F76-51AE-46CB-B11B-027B9BBC8A0B}"
EndProject
Project("{FAE04EC0-301F-11D3-BF4B-00C04F79EFBC}") = "RageLib.GTA5", "RageLib.GTA5\RageLib.GTA5.csproj", "{569CDE34-96F0-44BE-BD31-62B6A43C85B8}"
EndProject
Project("{2150E333-8FDC-42A3-9474-1A3956D46DE8}") = "Libraries", "Libraries", "{12632945-ACEA-493E-AE35-36FBC4AD2FF1}"
EndProject
Project("{8BC9CEB8-8B4A-11D0-8D11-00A0C91BC942}") = "DirectXTex", "Libraries\DirectXTex\DirectXTex.vcxproj", "{755AB64B-16B4-4C90-AA3B-BFF448E5A21E}"
EndProject
Project("{FAE04EC0-301F-11D3-BF4B-00C04F79EFBC}") = "MetaTool", "Tools\MetaTool\MetaTool.csproj", "{EE0B585C-081B-4E36-AF53-7F4E4D5E7A65}"
EndProject
Global
	GlobalSection(SolutionConfigurationPlatforms) = preSolution
		Debug|Any CPU = Debug|Any CPU
		Debug|x64 = Debug|x64
		Debug|x86 = Debug|x86
		Release|Any CPU = Release|Any CPU
		Release|x64 = Release|x64
		Release|x86 = Release|x86
	EndGlobalSection
	GlobalSection(ProjectConfigurationPlatforms) = postSolution
		{7A5CAE95-08CD-4E4A-A900-77E2732EE6BC}.Debug|Any CPU.ActiveCfg = Debug|Any CPU
		{7A5CAE95-08CD-4E4A-A900-77E2732EE6BC}.Debug|Any CPU.Build.0 = Debug|Any CPU
		{7A5CAE95-08CD-4E4A-A900-77E2732EE6BC}.Debug|x64.ActiveCfg = Debug|Any CPU
		{7A5CAE95-08CD-4E4A-A900-77E2732EE6BC}.Debug|x64.Build.0 = Debug|Any CPU
		{7A5CAE95-08CD-4E4A-A900-77E2732EE6BC}.Debug|x86.ActiveCfg = Debug|Any CPU
		{7A5CAE95-08CD-4E4A-A900-77E2732EE6BC}.Debug|x86.Build.0 = Debug|Any CPU
		{7A5CAE95-08CD-4E4A-A900-77E2732EE6BC}.Release|Any CPU.ActiveCfg = Release|Any CPU
		{7A5CAE95-08CD-4E4A-A900-77E2732EE6BC}.Release|Any CPU.Build.0 = Release|Any CPU
		{7A5CAE95-08CD-4E4A-A900-77E2732EE6BC}.Release|x64.ActiveCfg = Release|Any CPU
		{7A5CAE95-08CD-4E4A-A900-77E2732EE6BC}.Release|x64.Build.0 = Release|Any CPU
		{7A5CAE95-08CD-4E4A-A900-77E2732EE6BC}.Release|x86.ActiveCfg = Release|Any CPU
		{7A5CAE95-08CD-4E4A-A900-77E2732EE6BC}.Release|x86.Build.0 = Release|Any CPU
		{0C1A9502-FEF1-423D-8798-FCC5C84EAEFE}.Debug|Any CPU.ActiveCfg = Debug|Any CPU
		{0C1A9502-FEF1-423D-8798-FCC5C84EAEFE}.Debug|Any CPU.Build.0 = Debug|Any CPU
		{0C1A9502-FEF1-423D-8798-FCC5C84EAEFE}.Debug|x64.ActiveCfg = Debug|Any CPU
		{0C1A9502-FEF1-423D-8798-FCC5C84EAEFE}.Debug|x64.Build.0 = Debug|Any CPU
		{0C1A9502-FEF1-423D-8798-FCC5C84EAEFE}.Debug|x86.ActiveCfg = Debug|Any CPU
		{0C1A9502-FEF1-423D-8798-FCC5C84EAEFE}.Debug|x86.Build.0 = Debug|Any CPU
		{0C1A9502-FEF1-423D-8798-FCC5C84EAEFE}.Release|Any CPU.ActiveCfg = Release|Any CPU
		{0C1A9502-FEF1-423D-8798-FCC5C84EAEFE}.Release|Any CPU.Build.0 = Release|Any CPU
		{0C1A9502-FEF1-423D-8798-FCC5C84EAEFE}.Release|x64.ActiveCfg = Release|Any CPU
		{0C1A9502-FEF1-423D-8798-FCC5C84EAEFE}.Release|x64.Build.0 = Release|Any CPU
		{0C1A9502-FEF1-423D-8798-FCC5C84EAEFE}.Release|x86.ActiveCfg = Release|Any CPU
		{0C1A9502-FEF1-423D-8798-FCC5C84EAEFE}.Release|x86.Build.0 = Release|Any CPU
		{718F3F76-51AE-46CB-B11B-027B9BBC8A0B}.Debug|Any CPU.ActiveCfg = Debug|Any CPU
		{718F3F76-51AE-46CB-B11B-027B9BBC8A0B}.Debug|Any CPU.Build.0 = Debug|Any CPU
		{718F3F76-51AE-46CB-B11B-027B9BBC8A0B}.Debug|x64.ActiveCfg = Debug|Any CPU
		{718F3F76-51AE-46CB-B11B-027B9BBC8A0B}.Debug|x64.Build.0 = Debug|Any CPU
		{718F3F76-51AE-46CB-B11B-027B9BBC8A0B}.Debug|x86.ActiveCfg = Debug|Any CPU
		{718F3F76-51AE-46CB-B11B-027B9BBC8A0B}.Debug|x86.Build.0 = Debug|Any CPU
		{718F3F76-51AE-46CB-B11B-027B9BBC8A0B}.Release|Any CPU.ActiveCfg = Release|Any CPU
		{718F3F76-51AE-46CB-B11B-027B9BBC8A0B}.Release|Any CPU.Build.0 = Release|Any CPU
		{718F3F76-51AE-46CB-B11B-027B9BBC8A0B}.Release|x64.ActiveCfg = Release|Any CPU
		{718F3F76-51AE-46CB-B11B-027B9BBC8A0B}.Release|x64.Build.0 = Release|Any CPU
		{718F3F76-51AE-46CB-B11B-027B9BBC8A0B}.Release|x86.ActiveCfg = Release|Any CPU
		{718F3F76-51AE-46CB-B11B-027B9BBC8A0B}.Release|x86.Build.0 = Release|Any CPU
		{569CDE34-96F0-44BE-BD31-62B6A43C85B8}.Debug|Any CPU.ActiveCfg = Debug|Any CPU
		{569CDE34-96F0-44BE-BD31-62B6A43C85B8}.Debug|Any CPU.Build.0 = Debug|Any CPU
		{569CDE34-96F0-44BE-BD31-62B6A43C85B8}.Debug|x64.ActiveCfg = Debug|Any CPU
		{569CDE34-96F0-44BE-BD31-62B6A43C85B8}.Debug|x64.Build.0 = Debug|Any CPU
		{569CDE34-96F0-44BE-BD31-62B6A43C85B8}.Debug|x86.ActiveCfg = Debug|Any CPU
		{569CDE34-96F0-44BE-BD31-62B6A43C85B8}.Debug|x86.Build.0 = Debug|Any CPU
		{569CDE34-96F0-44BE-BD31-62B6A43C85B8}.Release|Any CPU.ActiveCfg = Release|Any CPU
		{569CDE34-96F0-44BE-BD31-62B6A43C85B8}.Release|Any CPU.Build.0 = Release|Any CPU
		{569CDE34-96F0-44BE-BD31-62B6A43C85B8}.Release|x64.ActiveCfg = Release|Any CPU
		{569CDE34-96F0-44BE-BD31-62B6A43C85B8}.Release|x64.Build.0 = Release|Any CPU
		{569CDE34-96F0-44BE-BD31-62B6A43C85B8}.Release|x86.ActiveCfg = Release|Any CPU
		{569CDE34-96F0-44BE-BD31-62B6A43C85B8}.Release|x86.Build.0 = Release|Any CPU
		{755AB64B-16B4-4C90-AA3B-BFF448E5A21E}.Debug|Any CPU.ActiveCfg = Debug|x64
		{755AB64B-16B4-4C90-AA3B-BFF448E5A21E}.Debug|Any CPU.Build.0 = Debug|x64
		{755AB64B-16B4-4C90-AA3B-BFF448E5A21E}.Debug|x64.ActiveCfg = Debug|x64
		{755AB64B-16B4-4C90-AA3B-BFF448E5A21E}.Debug|x64.Build.0 = Debug|x64
		{755AB64B-16B4-4C90-AA3B-BFF448E5A21E}.Debug|x86.ActiveCfg = Debug|x64
		{755AB64B-16B4-4C90-AA3B-BFF448E5A21E}.Release|Any CPU.ActiveCfg = Release|x64
		{755AB64B-16B4-4C90-AA3B-BFF448E5A21E}.Release|x64.ActiveCfg = Release|x64
		{755AB64B-16B4-4C90-AA3B-BFF448E5A21E}.Release|x64.Build.0 = Release|x64
		{755AB64B-16B4-4C90-AA3B-BFF448E5A21E}.Release|x86.ActiveCfg = Release|x64
		{EE0B585C-081B-4E36-AF53-7F4E4D5E7A65}.Debug|Any CPU.ActiveCfg = Debug|Any CPU
		{EE0B585C-081B-4E36-AF53-7F4E4D5E7A65}.Debug|Any CPU.Build.0 = Debug|Any CPU
		{EE0B585C-081B-4E36-AF53-7F4E4D5E7A65}.Debug|x64.ActiveCfg = Debug|Any CPU
		{EE0B585C-081B-4E36-AF53-7F4E4D5E7A65}.Debug|x64.Build.0 = Debug|Any CPU
		{EE0B585C-081B-4E36-AF53-7F4E4D5E7A65}.Debug|x86.ActiveCfg = Debug|Any CPU
		{EE0B585C-081B-4E36-AF53-7F4E4D5E7A65}.Debug|x86.Build.0 = Debug|Any CPU
		{EE0B585C-081B-4E36-AF53-7F4E4D5E7A65}.Release|Any CPU.ActiveCfg = Release|Any CPU
		{EE0B585C-081B-4E36-AF53-7F4E4D5E7A65}.Release|Any CPU.Build.0 = Release|Any CPU
		{EE0B585C-081B-4E36-AF53-7F4E4D5E7A65}.Release|x64.ActiveCfg = Release|Any CPU
		{EE0B585C-081B-4E36-AF53-7F4E4D5E7A65}.Release|x64.Build.0 = Release|Any CPU
		{EE0B585C-081B-4E36-AF53-7F4E4D5E7A65}.Release|x86.ActiveCfg = Release|Any CPU
		{EE0B585C-081B-4E36-AF53-7F4E4D5E7A65}.Release|x86.Build.0 = Release|Any CPU
	EndGlobalSection
	GlobalSection(SolutionProperties) = preSolution
		HideSolutionNode = FALSE
	EndGlobalSection
	GlobalSection(NestedProjects) = preSolution
		{7A5CAE95-08CD-4E4A-A900-77E2732EE6BC} = {36EED776-1944-4C7B-A662-FBB1E36B6773}
		{0C1A9502-FEF1-423D-8798-FCC5C84EAEFE} = {36EED776-1944-4C7B-A662-FBB1E36B6773}
		{755AB64B-16B4-4C90-AA3B-BFF448E5A21E} = {12632945-ACEA-493E-AE35-36FBC4AD2FF1}
		{EE0B585C-081B-4E36-AF53-7F4E4D5E7A65} = {36EED776-1944-4C7B-A662-FBB1E36B6773}
	EndGlobalSection
EndGlobal
