
Microsoft Visual Studio Solution File, Format Version 12.00
# Visual Studio Version 16
VisualStudioVersion = 16.0.30204.135
MinimumVisualStudioVersion = 10.0.40219.1
Project("{2150E333-8FDC-42A3-9474-1A3956D46DE8}") = "Tools", "Tools", "{36EED776-1944-4C7B-A662-FBB1E36B6773}"
EndProject
Project("{9A19103F-16F7-4668-BE54-9A1E7A4F7556}") = "ArchiveTool", "Tools\ArchiveTool\ArchiveTool.csproj", "{7A5CAE95-08CD-4E4A-A900-77E2732EE6BC}"
EndProject
Project("{FAE04EC0-301F-11D3-BF4B-00C04F79EFBC}") = "TextureTool", "Tools\TextureTool\TextureTool.csproj", "{0C1A9502-FEF1-423D-8798-FCC5C84EAEFE}"
EndProject
Project("{9A19103F-16F7-4668-BE54-9A1E7A4F7556}") = "RageLib", "RageLib\RageLib.csproj", "{718F3F76-51AE-46CB-B11B-027B9BBC8A0B}"
EndProject
Project("{9A19103F-16F7-4668-BE54-9A1E7A4F7556}") = "RageLib.GTA5", "RageLib.GTA5\RageLib.GTA5.csproj", "{569CDE34-96F0-44BE-BD31-62B6A43C85B8}"
EndProject
Project("{2150E333-8FDC-42A3-9474-1A3956D46DE8}") = "Libraries", "Libraries", "{12632945-ACEA-493E-AE35-36FBC4AD2FF1}"
EndProject
Project("{8BC9CEB8-8B4A-11D0-8D11-00A0C91BC942}") = "DirectXTex", "Libraries\DirectXTex\DirectXTex.vcxproj", "{755AB64B-16B4-4C90-AA3B-BFF448E5A21E}"
EndProject
Project("{9A19103F-16F7-4668-BE54-9A1E7A4F7556}") = "MetaTool", "Tools\MetaTool\MetaTool.csproj", "{EE0B585C-081B-4E36-AF53-7F4E4D5E7A65}"
EndProject
Project("{9A19103F-16F7-4668-BE54-9A1E7A4F7556}") = "RageLib.GTA5.UnitTests", "RageLib.GTA5.UnitTests\RageLib.GTA5.UnitTests.csproj", "{34E4D20C-A0BF-4BE8-B35E-B18E73BA2D23}"
EndProject
Project("{2150E333-8FDC-42A3-9474-1A3956D46DE8}") = "_TestTools.GTA5", "_TestTools.GTA5", "{E240F677-DCC5-4C33-B370-119A9E4A5144}"
EndProject
Project("{9A19103F-16F7-4668-BE54-9A1E7A4F7556}") = "ExtractKeysFromDump", "_TestTools.GTA5\ExtractKeysFromDump\ExtractKeysFromDump.csproj", "{D6DC4413-15ED-4511-B0DB-D287EA1FDC99}"
EndProject
Project("{9A19103F-16F7-4668-BE54-9A1E7A4F7556}") = "RageLib.RDR2", "RageLib.RDR2\RageLib.RDR2.csproj", "{D97974B1-4DD3-4DF0-AD4F-7CA760CBE1C7}"
EndProject
Project("{2150E333-8FDC-42A3-9474-1A3956D46DE8}") = "Testing", "Testing", "{4E242742-D387-46F5-9D54-F7B8DA45BA52}"
EndProject
Project("{9A19103F-16F7-4668-BE54-9A1E7A4F7556}") = "Testing.GTA5", "Testing\Testing.GTA5\Testing.GTA5.csproj", "{E35F87C9-1E39-44E4-BC72-336F5B63CB04}"
EndProject
Project("{9A19103F-16F7-4668-BE54-9A1E7A4F7556}") = "Benchmark", "Testing\Benchmark\Benchmark.csproj", "{54965EB4-16F1-4044-B097-FA268BAB864E}"
EndProject
Project("{9A19103F-16F7-4668-BE54-9A1E7A4F7556}") = "Testing.RDR2", "Testing\Testing.RDR2\Testing.RDR2.csproj", "{49358D85-1177-406A-ABC2-0F5EF7C1D977}"
EndProject
Global
	GlobalSection(SolutionConfigurationPlatforms) = preSolution
		Debug|Any CPU = Debug|Any CPU
		Debug|x64 = Debug|x64
		Debug|x86 = Debug|x86
		Release|Any CPU = Release|Any CPU
		Release|x64 = Release|x64
		Release|x86 = Release|x86
	EndGlobalSection
	GlobalSection(ProjectConfigurationPlatforms) = postSolution
		{7A5CAE95-08CD-4E4A-A900-77E2732EE6BC}.Debug|Any CPU.ActiveCfg = Debug|Any CPU
		{7A5CAE95-08CD-4E4A-A900-77E2732EE6BC}.Debug|Any CPU.Build.0 = Debug|Any CPU
		{7A5CAE95-08CD-4E4A-A900-77E2732EE6BC}.Debug|x64.ActiveCfg = Debug|Any CPU
		{7A5CAE95-08CD-4E4A-A900-77E2732EE6BC}.Debug|x64.Build.0 = Debug|Any CPU
		{7A5CAE95-08CD-4E4A-A900-77E2732EE6BC}.Debug|x86.ActiveCfg = Debug|Any CPU
		{7A5CAE95-08CD-4E4A-A900-77E2732EE6BC}.Debug|x86.Build.0 = Debug|Any CPU
		{7A5CAE95-08CD-4E4A-A900-77E2732EE6BC}.Release|Any CPU.ActiveCfg = Release|Any CPU
		{7A5CAE95-08CD-4E4A-A900-77E2732EE6BC}.Release|Any CPU.Build.0 = Release|Any CPU
		{7A5CAE95-08CD-4E4A-A900-77E2732EE6BC}.Release|x64.ActiveCfg = Release|Any CPU
		{7A5CAE95-08CD-4E4A-A900-77E2732EE6BC}.Release|x64.Build.0 = Release|Any CPU
		{7A5CAE95-08CD-4E4A-A900-77E2732EE6BC}.Release|x86.ActiveCfg = Release|Any CPU
		{7A5CAE95-08CD-4E4A-A900-77E2732EE6BC}.Release|x86.Build.0 = Release|Any CPU
		{0C1A9502-FEF1-423D-8798-FCC5C84EAEFE}.Debug|Any CPU.ActiveCfg = Debug|Any CPU
		{0C1A9502-FEF1-423D-8798-FCC5C84EAEFE}.Debug|Any CPU.Build.0 = Debug|Any CPU
		{0C1A9502-FEF1-423D-8798-FCC5C84EAEFE}.Debug|x64.ActiveCfg = Debug|Any CPU
		{0C1A9502-FEF1-423D-8798-FCC5C84EAEFE}.Debug|x64.Build.0 = Debug|Any CPU
		{0C1A9502-FEF1-423D-8798-FCC5C84EAEFE}.Debug|x86.ActiveCfg = Debug|Any CPU
		{0C1A9502-FEF1-423D-8798-FCC5C84EAEFE}.Debug|x86.Build.0 = Debug|Any CPU
		{0C1A9502-FEF1-423D-8798-FCC5C84EAEFE}.Release|Any CPU.ActiveCfg = Release|Any CPU
		{0C1A9502-FEF1-423D-8798-FCC5C84EAEFE}.Release|Any CPU.Build.0 = Release|Any CPU
		{0C1A9502-FEF1-423D-8798-FCC5C84EAEFE}.Release|x64.ActiveCfg = Release|Any CPU
		{0C1A9502-FEF1-423D-8798-FCC5C84EAEFE}.Release|x64.Build.0 = Release|Any CPU
		{0C1A9502-FEF1-423D-8798-FCC5C84EAEFE}.Release|x86.ActiveCfg = Release|Any CPU
		{0C1A9502-FEF1-423D-8798-FCC5C84EAEFE}.Release|x86.Build.0 = Release|Any CPU
		{718F3F76-51AE-46CB-B11B-027B9BBC8A0B}.Debug|Any CPU.ActiveCfg = Debug|Any CPU
		{718F3F76-51AE-46CB-B11B-027B9BBC8A0B}.Debug|Any CPU.Build.0 = Debug|Any CPU
		{718F3F76-51AE-46CB-B11B-027B9BBC8A0B}.Debug|x64.ActiveCfg = Debug|Any CPU
		{718F3F76-51AE-46CB-B11B-027B9BBC8A0B}.Debug|x64.Build.0 = Debug|Any CPU
		{718F3F76-51AE-46CB-B11B-027B9BBC8A0B}.Debug|x86.ActiveCfg = Debug|Any CPU
		{718F3F76-51AE-46CB-B11B-027B9BBC8A0B}.Debug|x86.Build.0 = Debug|Any CPU
		{718F3F76-51AE-46CB-B11B-027B9BBC8A0B}.Release|Any CPU.ActiveCfg = Release|Any CPU
		{718F3F76-51AE-46CB-B11B-027B9BBC8A0B}.Release|Any CPU.Build.0 = Release|Any CPU
		{718F3F76-51AE-46CB-B11B-027B9BBC8A0B}.Release|x64.ActiveCfg = Release|Any CPU
		{718F3F76-51AE-46CB-B11B-027B9BBC8A0B}.Release|x64.Build.0 = Release|Any CPU
		{718F3F76-51AE-46CB-B11B-027B9BBC8A0B}.Release|x86.ActiveCfg = Release|Any CPU
		{718F3F76-51AE-46CB-B11B-027B9BBC8A0B}.Release|x86.Build.0 = Release|Any CPU
		{569CDE34-96F0-44BE-BD31-62B6A43C85B8}.Debug|Any CPU.ActiveCfg = Debug|Any CPU
		{569CDE34-96F0-44BE-BD31-62B6A43C85B8}.Debug|Any CPU.Build.0 = Debug|Any CPU
		{569CDE34-96F0-44BE-BD31-62B6A43C85B8}.Debug|x64.ActiveCfg = Debug|Any CPU
		{569CDE34-96F0-44BE-BD31-62B6A43C85B8}.Debug|x64.Build.0 = Debug|Any CPU
		{569CDE34-96F0-44BE-BD31-62B6A43C85B8}.Debug|x86.ActiveCfg = Debug|Any CPU
		{569CDE34-96F0-44BE-BD31-62B6A43C85B8}.Debug|x86.Build.0 = Debug|Any CPU
		{569CDE34-96F0-44BE-BD31-62B6A43C85B8}.Release|Any CPU.ActiveCfg = Release|Any CPU
		{569CDE34-96F0-44BE-BD31-62B6A43C85B8}.Release|Any CPU.Build.0 = Release|Any CPU
		{569CDE34-96F0-44BE-BD31-62B6A43C85B8}.Release|x64.ActiveCfg = Release|Any CPU
		{569CDE34-96F0-44BE-BD31-62B6A43C85B8}.Release|x64.Build.0 = Release|Any CPU
		{569CDE34-96F0-44BE-BD31-62B6A43C85B8}.Release|x86.ActiveCfg = Release|Any CPU
		{569CDE34-96F0-44BE-BD31-62B6A43C85B8}.Release|x86.Build.0 = Release|Any CPU
		{755AB64B-16B4-4C90-AA3B-BFF448E5A21E}.Debug|Any CPU.ActiveCfg = Debug|x64
		{755AB64B-16B4-4C90-AA3B-BFF448E5A21E}.Debug|Any CPU.Build.0 = Debug|x64
		{755AB64B-16B4-4C90-AA3B-BFF448E5A21E}.Debug|x64.ActiveCfg = Debug|x64
		{755AB64B-16B4-4C90-AA3B-BFF448E5A21E}.Debug|x64.Build.0 = Debug|x64
		{755AB64B-16B4-4C90-AA3B-BFF448E5A21E}.Debug|x86.ActiveCfg = Debug|x64
		{755AB64B-16B4-4C90-AA3B-BFF448E5A21E}.Release|Any CPU.ActiveCfg = Release|x64
		{755AB64B-16B4-4C90-AA3B-BFF448E5A21E}.Release|x64.ActiveCfg = Release|x64
		{755AB64B-16B4-4C90-AA3B-BFF448E5A21E}.Release|x64.Build.0 = Release|x64
		{755AB64B-16B4-4C90-AA3B-BFF448E5A21E}.Release|x86.ActiveCfg = Release|x64
		{EE0B585C-081B-4E36-AF53-7F4E4D5E7A65}.Debug|Any CPU.ActiveCfg = Debug|Any CPU
		{EE0B585C-081B-4E36-AF53-7F4E4D5E7A65}.Debug|Any CPU.Build.0 = Debug|Any CPU
		{EE0B585C-081B-4E36-AF53-7F4E4D5E7A65}.Debug|x64.ActiveCfg = Debug|Any CPU
		{EE0B585C-081B-4E36-AF53-7F4E4D5E7A65}.Debug|x64.Build.0 = Debug|Any CPU
		{EE0B585C-081B-4E36-AF53-7F4E4D5E7A65}.Debug|x86.ActiveCfg = Debug|Any CPU
		{EE0B585C-081B-4E36-AF53-7F4E4D5E7A65}.Debug|x86.Build.0 = Debug|Any CPU
		{EE0B585C-081B-4E36-AF53-7F4E4D5E7A65}.Release|Any CPU.ActiveCfg = Release|Any CPU
		{EE0B585C-081B-4E36-AF53-7F4E4D5E7A65}.Release|Any CPU.Build.0 = Release|Any CPU
		{EE0B585C-081B-4E36-AF53-7F4E4D5E7A65}.Release|x64.ActiveCfg = Release|Any CPU
		{EE0B585C-081B-4E36-AF53-7F4E4D5E7A65}.Release|x64.Build.0 = Release|Any CPU
		{EE0B585C-081B-4E36-AF53-7F4E4D5E7A65}.Release|x86.ActiveCfg = Release|Any CPU
		{EE0B585C-081B-4E36-AF53-7F4E4D5E7A65}.Release|x86.Build.0 = Release|Any CPU
		{34E4D20C-A0BF-4BE8-B35E-B18E73BA2D23}.Debug|Any CPU.ActiveCfg = Debug|Any CPU
		{34E4D20C-A0BF-4BE8-B35E-B18E73BA2D23}.Debug|Any CPU.Build.0 = Debug|Any CPU
		{34E4D20C-A0BF-4BE8-B35E-B18E73BA2D23}.Debug|x64.ActiveCfg = Debug|Any CPU
		{34E4D20C-A0BF-4BE8-B35E-B18E73BA2D23}.Debug|x64.Build.0 = Debug|Any CPU
		{34E4D20C-A0BF-4BE8-B35E-B18E73BA2D23}.Debug|x86.ActiveCfg = Debug|Any CPU
		{34E4D20C-A0BF-4BE8-B35E-B18E73BA2D23}.Debug|x86.Build.0 = Debug|Any CPU
		{34E4D20C-A0BF-4BE8-B35E-B18E73BA2D23}.Release|Any CPU.ActiveCfg = Release|Any CPU
		{34E4D20C-A0BF-4BE8-B35E-B18E73BA2D23}.Release|Any CPU.Build.0 = Release|Any CPU
		{34E4D20C-A0BF-4BE8-B35E-B18E73BA2D23}.Release|x64.ActiveCfg = Release|Any CPU
		{34E4D20C-A0BF-4BE8-B35E-B18E73BA2D23}.Release|x64.Build.0 = Release|Any CPU
		{34E4D20C-A0BF-4BE8-B35E-B18E73BA2D23}.Release|x86.ActiveCfg = Release|Any CPU
		{34E4D20C-A0BF-4BE8-B35E-B18E73BA2D23}.Release|x86.Build.0 = Release|Any CPU
		{D6DC4413-15ED-4511-B0DB-D287EA1FDC99}.Debug|Any CPU.ActiveCfg = Debug|Any CPU
		{D6DC4413-15ED-4511-B0DB-D287EA1FDC99}.Debug|Any CPU.Build.0 = Debug|Any CPU
		{D6DC4413-15ED-4511-B0DB-D287EA1FDC99}.Debug|x64.ActiveCfg = Debug|Any CPU
		{D6DC4413-15ED-4511-B0DB-D287EA1FDC99}.Debug|x64.Build.0 = Debug|Any CPU
		{D6DC4413-15ED-4511-B0DB-D287EA1FDC99}.Debug|x86.ActiveCfg = Debug|Any CPU
		{D6DC4413-15ED-4511-B0DB-D287EA1FDC99}.Debug|x86.Build.0 = Debug|Any CPU
		{D6DC4413-15ED-4511-B0DB-D287EA1FDC99}.Release|Any CPU.ActiveCfg = Release|Any CPU
		{D6DC4413-15ED-4511-B0DB-D287EA1FDC99}.Release|Any CPU.Build.0 = Release|Any CPU
		{D6DC4413-15ED-4511-B0DB-D287EA1FDC99}.Release|x64.ActiveCfg = Release|Any CPU
		{D6DC4413-15ED-4511-B0DB-D287EA1FDC99}.Release|x64.Build.0 = Release|Any CPU
		{D6DC4413-15ED-4511-B0DB-D287EA1FDC99}.Release|x86.ActiveCfg = Release|Any CPU
		{D6DC4413-15ED-4511-B0DB-D287EA1FDC99}.Release|x86.Build.0 = Release|Any CPU
		{D97974B1-4DD3-4DF0-AD4F-7CA760CBE1C7}.Debug|Any CPU.ActiveCfg = Debug|Any CPU
		{D97974B1-4DD3-4DF0-AD4F-7CA760CBE1C7}.Debug|Any CPU.Build.0 = Debug|Any CPU
		{D97974B1-4DD3-4DF0-AD4F-7CA760CBE1C7}.Debug|x64.ActiveCfg = Debug|Any CPU
		{D97974B1-4DD3-4DF0-AD4F-7CA760CBE1C7}.Debug|x64.Build.0 = Debug|Any CPU
		{D97974B1-4DD3-4DF0-AD4F-7CA760CBE1C7}.Debug|x86.ActiveCfg = Debug|Any CPU
		{D97974B1-4DD3-4DF0-AD4F-7CA760CBE1C7}.Debug|x86.Build.0 = Debug|Any CPU
		{D97974B1-4DD3-4DF0-AD4F-7CA760CBE1C7}.Release|Any CPU.ActiveCfg = Release|Any CPU
		{D97974B1-4DD3-4DF0-AD4F-7CA760CBE1C7}.Release|Any CPU.Build.0 = Release|Any CPU
		{D97974B1-4DD3-4DF0-AD4F-7CA760CBE1C7}.Release|x64.ActiveCfg = Release|Any CPU
		{D97974B1-4DD3-4DF0-AD4F-7CA760CBE1C7}.Release|x64.Build.0 = Release|Any CPU
		{D97974B1-4DD3-4DF0-AD4F-7CA760CBE1C7}.Release|x86.ActiveCfg = Release|Any CPU
		{D97974B1-4DD3-4DF0-AD4F-7CA760CBE1C7}.Release|x86.Build.0 = Release|Any CPU
		{E35F87C9-1E39-44E4-BC72-336F5B63CB04}.Debug|Any CPU.ActiveCfg = Debug|Any CPU
		{E35F87C9-1E39-44E4-BC72-336F5B63CB04}.Debug|Any CPU.Build.0 = Debug|Any CPU
		{E35F87C9-1E39-44E4-BC72-336F5B63CB04}.Debug|x64.ActiveCfg = Debug|Any CPU
		{E35F87C9-1E39-44E4-BC72-336F5B63CB04}.Debug|x64.Build.0 = Debug|Any CPU
		{E35F87C9-1E39-44E4-BC72-336F5B63CB04}.Debug|x86.ActiveCfg = Debug|Any CPU
		{E35F87C9-1E39-44E4-BC72-336F5B63CB04}.Debug|x86.Build.0 = Debug|Any CPU
		{E35F87C9-1E39-44E4-BC72-336F5B63CB04}.Release|Any CPU.ActiveCfg = Release|Any CPU
		{E35F87C9-1E39-44E4-BC72-336F5B63CB04}.Release|Any CPU.Build.0 = Release|Any CPU
		{E35F87C9-1E39-44E4-BC72-336F5B63CB04}.Release|x64.ActiveCfg = Release|Any CPU
		{E35F87C9-1E39-44E4-BC72-336F5B63CB04}.Release|x64.Build.0 = Release|Any CPU
		{E35F87C9-1E39-44E4-BC72-336F5B63CB04}.Release|x86.ActiveCfg = Release|Any CPU
		{E35F87C9-1E39-44E4-BC72-336F5B63CB04}.Release|x86.Build.0 = Release|Any CPU
		{54965EB4-16F1-4044-B097-FA268BAB864E}.Debug|Any CPU.ActiveCfg = Debug|Any CPU
		{54965EB4-16F1-4044-B097-FA268BAB864E}.Debug|Any CPU.Build.0 = Debug|Any CPU
		{54965EB4-16F1-4044-B097-FA268BAB864E}.Debug|x64.ActiveCfg = Debug|Any CPU
		{54965EB4-16F1-4044-B097-FA268BAB864E}.Debug|x64.Build.0 = Debug|Any CPU
		{54965EB4-16F1-4044-B097-FA268BAB864E}.Debug|x86.ActiveCfg = Debug|Any CPU
		{54965EB4-16F1-4044-B097-FA268BAB864E}.Debug|x86.Build.0 = Debug|Any CPU
		{54965EB4-16F1-4044-B097-FA268BAB864E}.Release|Any CPU.ActiveCfg = Release|Any CPU
		{54965EB4-16F1-4044-B097-FA268BAB864E}.Release|Any CPU.Build.0 = Release|Any CPU
		{54965EB4-16F1-4044-B097-FA268BAB864E}.Release|x64.ActiveCfg = Release|Any CPU
		{54965EB4-16F1-4044-B097-FA268BAB864E}.Release|x64.Build.0 = Release|Any CPU
		{54965EB4-16F1-4044-B097-FA268BAB864E}.Release|x86.ActiveCfg = Release|Any CPU
		{54965EB4-16F1-4044-B097-FA268BAB864E}.Release|x86.Build.0 = Release|Any CPU
		{49358D85-1177-406A-ABC2-0F5EF7C1D977}.Debug|Any CPU.ActiveCfg = Debug|Any CPU
		{49358D85-1177-406A-ABC2-0F5EF7C1D977}.Debug|Any CPU.Build.0 = Debug|Any CPU
		{49358D85-1177-406A-ABC2-0F5EF7C1D977}.Debug|x64.ActiveCfg = Debug|Any CPU
		{49358D85-1177-406A-ABC2-0F5EF7C1D977}.Debug|x64.Build.0 = Debug|Any CPU
		{49358D85-1177-406A-ABC2-0F5EF7C1D977}.Debug|x86.ActiveCfg = Debug|Any CPU
		{49358D85-1177-406A-ABC2-0F5EF7C1D977}.Debug|x86.Build.0 = Debug|Any CPU
		{49358D85-1177-406A-ABC2-0F5EF7C1D977}.Release|Any CPU.ActiveCfg = Release|Any CPU
		{49358D85-1177-406A-ABC2-0F5EF7C1D977}.Release|Any CPU.Build.0 = Release|Any CPU
		{49358D85-1177-406A-ABC2-0F5EF7C1D977}.Release|x64.ActiveCfg = Release|Any CPU
		{49358D85-1177-406A-ABC2-0F5EF7C1D977}.Release|x64.Build.0 = Release|Any CPU
		{49358D85-1177-406A-ABC2-0F5EF7C1D977}.Release|x86.ActiveCfg = Release|Any CPU
		{49358D85-1177-406A-ABC2-0F5EF7C1D977}.Release|x86.Build.0 = Release|Any CPU
	EndGlobalSection
	GlobalSection(SolutionProperties) = preSolution
		HideSolutionNode = FALSE
	EndGlobalSection
	GlobalSection(NestedProjects) = preSolution
		{7A5CAE95-08CD-4E4A-A900-77E2732EE6BC} = {36EED776-1944-4C7B-A662-FBB1E36B6773}
		{0C1A9502-FEF1-423D-8798-FCC5C84EAEFE} = {36EED776-1944-4C7B-A662-FBB1E36B6773}
		{755AB64B-16B4-4C90-AA3B-BFF448E5A21E} = {12632945-ACEA-493E-AE35-36FBC4AD2FF1}
		{EE0B585C-081B-4E36-AF53-7F4E4D5E7A65} = {36EED776-1944-4C7B-A662-FBB1E36B6773}
		{D6DC4413-15ED-4511-B0DB-D287EA1FDC99} = {E240F677-DCC5-4C33-B370-119A9E4A5144}
		{E35F87C9-1E39-44E4-BC72-336F5B63CB04} = {4E242742-D387-46F5-9D54-F7B8DA45BA52}
		{54965EB4-16F1-4044-B097-FA268BAB864E} = {4E242742-D387-46F5-9D54-F7B8DA45BA52}
		{49358D85-1177-406A-ABC2-0F5EF7C1D977} = {4E242742-D387-46F5-9D54-F7B8DA45BA52}
	EndGlobalSection
	GlobalSection(ExtensibilityGlobals) = postSolution
		SolutionGuid = {F1E9A3DA-C1E1-4817-BC2E-0BB89F6328FD}
	EndGlobalSection
	GlobalSection(Performance) = preSolution
		HasPerformanceSessions = true
	EndGlobalSection
EndGlobal
